
Microsoft Visual Studio Solution File, Format Version 12.00
# Visual Studio Version 17
VisualStudioVersion = 17.6.33829.357
MinimumVisualStudioVersion = 10.0.40219.1
Project("{9A19103F-16F7-4668-BE54-9A1E7A4F7556}") = "debug_test", "debug_test\debug_test.csproj", "{B0E89E5C-1F67-4F0B-B486-4FC20F974A22}"
EndProject
Project("{2150E333-8FDC-42A3-9474-1A3956D46DE8}") = "DLL", "DLL", "{CF37E393-5CEB-492C-B5C9-D074F05C856E}"
EndProject
Project("{2150E333-8FDC-42A3-9474-1A3956D46DE8}") = "Main", "Main", "{33EF7445-BDFD-4EDE-A46E-C6990F68AD61}"
EndProject
Project("{9A19103F-16F7-4668-BE54-9A1E7A4F7556}") = "Cntgraph", "..\ConvertDLL\Cntgraph\Cntgraph\Cntgraph.csproj", "{0AE2E127-5F8C-4540-9331-AFE2E4C4B4CF}"
EndProject
Project("{FAE04EC0-301F-11D3-BF4B-00C04F79EFBC}") = "Command", "..\ConvertDLL\Command\Command\Command.csproj", "{339A08CB-64D2-4225-B9F8-FD3C100DF81B}"
EndProject
Project("{9A19103F-16F7-4668-BE54-9A1E7A4F7556}") = "FrameSel", "..\ConvertDLL\FrameSel\FrameSel\FrameSel.csproj", "{32AA1242-7799-40C4-938E-A94279386524}"
EndProject
Project("{9A19103F-16F7-4668-BE54-9A1E7A4F7556}") = "graphDLL", "..\ConvertDLL\graph\graph\graphDLL.csproj", "{D80F7059-8BF4-40A2-B0E7-E2FF286E9929}"
EndProject
Project("{FAE04EC0-301F-11D3-BF4B-00C04F79EFBC}") = "graphglobal", "..\ConvertDLL\graphglobal\graphglobal\graphglobal.csproj", "{079E6BA1-AB5A-4616-B195-E55122BA8F08}"
EndProject
Project("{FAE04EC0-301F-11D3-BF4B-00C04F79EFBC}") = "graphInterface", "..\ConvertDLL\graphInterface\graphInterface\graphInterface.csproj", "{71CA5CAB-7CB4-4FE7-A636-28B05F9C0776}"
EndProject
Project("{FAE04EC0-301F-11D3-BF4B-00C04F79EFBC}") = "IniClass", "..\ConvertDLL\IniClass\IniClass\IniClass.csproj", "{7F794D37-D73B-47F5-8954-BA057E7131B0}"
EndProject
Project("{FAE04EC0-301F-11D3-BF4B-00C04F79EFBC}") = "MVbase", "..\ConvertDLL\MVbase\MVbase\MVbase.csproj", "{9D9734D1-FDD9-47AE-B008-BB5EEBDB014C}"
EndProject
Project("{FAE04EC0-301F-11D3-BF4B-00C04F79EFBC}") = "postdb", "..\ConvertDLL\postdb\postdb\postdb.csproj", "{82EA48D2-675D-4910-8D83-58E405581E6D}"
EndProject
Project("{9A19103F-16F7-4668-BE54-9A1E7A4F7556}") = "UCSearch", "..\ConvertDLL\UCSearch\UCSearch\UCSearch.csproj", "{11A28DE6-7453-4B59-AC25-9EBE81775A06}"
EndProject
Project("{9A19103F-16F7-4668-BE54-9A1E7A4F7556}") = "UCTogglebtn", "..\ConvertDLL\UCTogglebtn\UCTogglebtn\UCTogglebtn.csproj", "{9C68A5F4-FBD6-4988-B7DC-6A2249E277BA}"
EndProject
Project("{9A19103F-16F7-4668-BE54-9A1E7A4F7556}") = "UCtypecheck", "..\ConvertDLL\UCtypecheck\UCtypecheck\UCtypecheck.csproj", "{CF9C6643-3EA7-4C6D-9BA6-944A609B12EA}"
EndProject
Project("{9A19103F-16F7-4668-BE54-9A1E7A4F7556}") = "xline", "..\ConvertDLL\xline\xline\xline.csproj", "{63C5D0DF-E2A1-40C8-83AB-530BD9209435}"
EndProject
Global
	GlobalSection(SolutionConfigurationPlatforms) = preSolution
		Debug|Any CPU = Debug|Any CPU
		Release|Any CPU = Release|Any CPU
	EndGlobalSection
	GlobalSection(ProjectConfigurationPlatforms) = postSolution
		{B0E89E5C-1F67-4F0B-B486-4FC20F974A22}.Debug|Any CPU.ActiveCfg = Debug|Any CPU
		{B0E89E5C-1F67-4F0B-B486-4FC20F974A22}.Debug|Any CPU.Build.0 = Debug|Any CPU
		{B0E89E5C-1F67-4F0B-B486-4FC20F974A22}.Release|Any CPU.ActiveCfg = Release|Any CPU
		{B0E89E5C-1F67-4F0B-B486-4FC20F974A22}.Release|Any CPU.Build.0 = Release|Any CPU
		{0AE2E127-5F8C-4540-9331-AFE2E4C4B4CF}.Debug|Any CPU.ActiveCfg = Debug|Any CPU
		{0AE2E127-5F8C-4540-9331-AFE2E4C4B4CF}.Debug|Any CPU.Build.0 = Debug|Any CPU
		{0AE2E127-5F8C-4540-9331-AFE2E4C4B4CF}.Release|Any CPU.ActiveCfg = Release|Any CPU
		{0AE2E127-5F8C-4540-9331-AFE2E4C4B4CF}.Release|Any CPU.Build.0 = Release|Any CPU
		{339A08CB-64D2-4225-B9F8-FD3C100DF81B}.Debug|Any CPU.ActiveCfg = Debug|Any CPU
		{339A08CB-64D2-4225-B9F8-FD3C100DF81B}.Debug|Any CPU.Build.0 = Debug|Any CPU
		{339A08CB-64D2-4225-B9F8-FD3C100DF81B}.Release|Any CPU.ActiveCfg = Release|Any CPU
		{339A08CB-64D2-4225-B9F8-FD3C100DF81B}.Release|Any CPU.Build.0 = Release|Any CPU
		{32AA1242-7799-40C4-938E-A94279386524}.Debug|Any CPU.ActiveCfg = Debug|Any CPU
		{32AA1242-7799-40C4-938E-A94279386524}.Debug|Any CPU.Build.0 = Debug|Any CPU
		{32AA1242-7799-40C4-938E-A94279386524}.Release|Any CPU.ActiveCfg = Release|Any CPU
		{32AA1242-7799-40C4-938E-A94279386524}.Release|Any CPU.Build.0 = Release|Any CPU
		{D80F7059-8BF4-40A2-B0E7-E2FF286E9929}.Debug|Any CPU.ActiveCfg = Debug|Any CPU
		{D80F7059-8BF4-40A2-B0E7-E2FF286E9929}.Debug|Any CPU.Build.0 = Debug|Any CPU
		{D80F7059-8BF4-40A2-B0E7-E2FF286E9929}.Release|Any CPU.ActiveCfg = Release|Any CPU
		{D80F7059-8BF4-40A2-B0E7-E2FF286E9929}.Release|Any CPU.Build.0 = Release|Any CPU
		{079E6BA1-AB5A-4616-B195-E55122BA8F08}.Debug|Any CPU.ActiveCfg = Debug|Any CPU
		{079E6BA1-AB5A-4616-B195-E55122BA8F08}.Debug|Any CPU.Build.0 = Debug|Any CPU
		{079E6BA1-AB5A-4616-B195-E55122BA8F08}.Release|Any CPU.ActiveCfg = Release|Any CPU
		{079E6BA1-AB5A-4616-B195-E55122BA8F08}.Release|Any CPU.Build.0 = Release|Any CPU
		{71CA5CAB-7CB4-4FE7-A636-28B05F9C0776}.Debug|Any CPU.ActiveCfg = Debug|Any CPU
		{71CA5CAB-7CB4-4FE7-A636-28B05F9C0776}.Debug|Any CPU.Build.0 = Debug|Any CPU
		{71CA5CAB-7CB4-4FE7-A636-28B05F9C0776}.Release|Any CPU.ActiveCfg = Release|Any CPU
		{71CA5CAB-7CB4-4FE7-A636-28B05F9C0776}.Release|Any CPU.Build.0 = Release|Any CPU
		{7F794D37-D73B-47F5-8954-BA057E7131B0}.Debug|Any CPU.ActiveCfg = Debug|Any CPU
		{7F794D37-D73B-47F5-8954-BA057E7131B0}.Debug|Any CPU.Build.0 = Debug|Any CPU
		{7F794D37-D73B-47F5-8954-BA057E7131B0}.Release|Any CPU.ActiveCfg = Release|Any CPU
		{7F794D37-D73B-47F5-8954-BA057E7131B0}.Release|Any CPU.Build.0 = Release|Any CPU
		{9D9734D1-FDD9-47AE-B008-BB5EEBDB014C}.Debug|Any CPU.ActiveCfg = Debug|Any CPU
		{9D9734D1-FDD9-47AE-B008-BB5EEBDB014C}.Debug|Any CPU.Build.0 = Debug|Any CPU
		{9D9734D1-FDD9-47AE-B008-BB5EEBDB014C}.Release|Any CPU.ActiveCfg = Release|Any CPU
		{9D9734D1-FDD9-47AE-B008-BB5EEBDB014C}.Release|Any CPU.Build.0 = Release|Any CPU
		{82EA48D2-675D-4910-8D83-58E405581E6D}.Debug|Any CPU.ActiveCfg = Debug|Any CPU
		{82EA48D2-675D-4910-8D83-58E405581E6D}.Debug|Any CPU.Build.0 = Debug|Any CPU
		{82EA48D2-675D-4910-8D83-58E405581E6D}.Release|Any CPU.ActiveCfg = Release|Any CPU
		{82EA48D2-675D-4910-8D83-58E405581E6D}.Release|Any CPU.Build.0 = Release|Any CPU
		{11A28DE6-7453-4B59-AC25-9EBE81775A06}.Debug|Any CPU.ActiveCfg = Debug|Any CPU
		{11A28DE6-7453-4B59-AC25-9EBE81775A06}.Debug|Any CPU.Build.0 = Debug|Any CPU
		{11A28DE6-7453-4B59-AC25-9EBE81775A06}.Release|Any CPU.ActiveCfg = Release|Any CPU
		{11A28DE6-7453-4B59-AC25-9EBE81775A06}.Release|Any CPU.Build.0 = Release|Any CPU
		{9C68A5F4-FBD6-4988-B7DC-6A2249E277BA}.Debug|Any CPU.ActiveCfg = Debug|Any CPU
		{9C68A5F4-FBD6-4988-B7DC-6A2249E277BA}.Debug|Any CPU.Build.0 = Debug|Any CPU
		{9C68A5F4-FBD6-4988-B7DC-6A2249E277BA}.Release|Any CPU.ActiveCfg = Release|Any CPU
		{9C68A5F4-FBD6-4988-B7DC-6A2249E277BA}.Release|Any CPU.Build.0 = Release|Any CPU
		{CF9C6643-3EA7-4C6D-9BA6-944A609B12EA}.Debug|Any CPU.ActiveCfg = Debug|Any CPU
		{CF9C6643-3EA7-4C6D-9BA6-944A609B12EA}.Debug|Any CPU.Build.0 = Debug|Any CPU
		{CF9C6643-3EA7-4C6D-9BA6-944A609B12EA}.Release|Any CPU.ActiveCfg = Release|Any CPU
		{CF9C6643-3EA7-4C6D-9BA6-944A609B12EA}.Release|Any CPU.Build.0 = Release|Any CPU
		{63C5D0DF-E2A1-40C8-83AB-530BD9209435}.Debug|Any CPU.ActiveCfg = Debug|Any CPU
		{63C5D0DF-E2A1-40C8-83AB-530BD9209435}.Debug|Any CPU.Build.0 = Debug|Any CPU
		{63C5D0DF-E2A1-40C8-83AB-530BD9209435}.Release|Any CPU.ActiveCfg = Release|Any CPU
		{63C5D0DF-E2A1-40C8-83AB-530BD9209435}.Release|Any CPU.Build.0 = Release|Any CPU
	EndGlobalSection
	GlobalSection(SolutionProperties) = preSolution
		HideSolutionNode = FALSE
	EndGlobalSection
	GlobalSection(NestedProjects) = preSolution
		{B0E89E5C-1F67-4F0B-B486-4FC20F974A22} = {33EF7445-BDFD-4EDE-A46E-C6990F68AD61}
		{0AE2E127-5F8C-4540-9331-AFE2E4C4B4CF} = {CF37E393-5CEB-492C-B5C9-D074F05C856E}
		{339A08CB-64D2-4225-B9F8-FD3C100DF81B} = {CF37E393-5CEB-492C-B5C9-D074F05C856E}
		{32AA1242-7799-40C4-938E-A94279386524} = {CF37E393-5CEB-492C-B5C9-D074F05C856E}
		{D80F7059-8BF4-40A2-B0E7-E2FF286E9929} = {CF37E393-5CEB-492C-B5C9-D074F05C856E}
		{079E6BA1-AB5A-4616-B195-E55122BA8F08} = {CF37E393-5CEB-492C-B5C9-D074F05C856E}
		{71CA5CAB-7CB4-4FE7-A636-28B05F9C0776} = {CF37E393-5CEB-492C-B5C9-D074F05C856E}
		{7F794D37-D73B-47F5-8954-BA057E7131B0} = {CF37E393-5CEB-492C-B5C9-D074F05C856E}
		{9D9734D1-FDD9-47AE-B008-BB5EEBDB014C} = {CF37E393-5CEB-492C-B5C9-D074F05C856E}
		{82EA48D2-675D-4910-8D83-58E405581E6D} = {CF37E393-5CEB-492C-B5C9-D074F05C856E}
		{11A28DE6-7453-4B59-AC25-9EBE81775A06} = {CF37E393-5CEB-492C-B5C9-D074F05C856E}
		{9C68A5F4-FBD6-4988-B7DC-6A2249E277BA} = {CF37E393-5CEB-492C-B5C9-D074F05C856E}
		{CF9C6643-3EA7-4C6D-9BA6-944A609B12EA} = {CF37E393-5CEB-492C-B5C9-D074F05C856E}
		{63C5D0DF-E2A1-40C8-83AB-530BD9209435} = {CF37E393-5CEB-492C-B5C9-D074F05C856E}
	EndGlobalSection
	GlobalSection(ExtensibilityGlobals) = postSolution
		SolutionGuid = {088FE45A-D867-4E45-A8C5-DA76AC93D167}
	EndGlobalSection
EndGlobal
